{
  "name": "pshe",
  "version": "1.2.2",
  "lockfileVersion": 1,
  "requires": true,
  "dependencies": {
    "convert-layout": {
      "version": "0.8.0",
      "resolved": "https://registry.npmjs.org/convert-layout/-/convert-layout-0.8.0.tgz",
      "integrity": "sha512-tMtY9eVhcHVZcdrZmU4nQUZT4RG1vng9bbreMMGxymwEGcG+RG4bfpEbUv3haGq02Zcl03tb/oh9nmTVnB9k6A=="
    }
  }
}
